// !$*UTF8*$!
{
	archiveVersion = 1;
	classes = {
	};
	objectVersion = 55;
	objects = {

/* Begin PBXBuildFile section */
		2EDADB922838A4BF00D34441 /* AppDelegate.swift in Sources */ = {isa = PBXBuildFile; fileRef = 2EDADB912838A4BF00D34441 /* AppDelegate.swift */; };
		2EDADB942838A4BF00D34441 /* SceneDelegate.swift in Sources */ = {isa = PBXBuildFile; fileRef = 2EDADB932838A4BF00D34441 /* SceneDelegate.swift */; };
		2EDADB962838A4BF00D34441 /* ViewController.swift in Sources */ = {isa = PBXBuildFile; fileRef = 2EDADB952838A4BF00D34441 /* ViewController.swift */; };
		2EDADB992838A4BF00D34441 /* Main.storyboard in Resources */ = {isa = PBXBuildFile; fileRef = 2EDADB972838A4BF00D34441 /* Main.storyboard */; };
		2EDADB9B2838A4C200D34441 /* Assets.xcassets in Resources */ = {isa = PBXBuildFile; fileRef = 2EDADB9A2838A4C200D34441 /* Assets.xcassets */; };
		2EDADB9E2838A4C200D34441 /* LaunchScreen.storyboard in Resources */ = {isa = PBXBuildFile; fileRef = 2EDADB9C2838A4C200D34441 /* LaunchScreen.storyboard */; };
		2EDADBA62838CDFE00D34441 /* FPTest.swift in Sources */ = {isa = PBXBuildFile; fileRef = 2EDADBA52838CDFD00D34441 /* FPTest.swift */; };
		2EDADBA82838FAC000D34441 /* RxSwiftTest.swift in Sources */ = {isa = PBXBuildFile; fileRef = 2EDADBA72838FABF00D34441 /* RxSwiftTest.swift */; };
		2EDADBAA2838FAF100D34441 /* POPTest.swift in Sources */ = {isa = PBXBuildFile; fileRef = 2EDADBA92838FAF100D34441 /* POPTest.swift */; };
/* End PBXBuildFile section */

/* Begin PBXFileReference section */
		2EDADB8E2838A4BF00D34441 /* 编程范式.app */ = {isa = PBXFileReference; explicitFileType = wrapper.application; includeInIndex = 0; path = "编程范式.app"; sourceTree = BUILT_PRODUCTS_DIR; };
		2EDADB912838A4BF00D34441 /* AppDelegate.swift */ = {isa = PBXFileReference; lastKnownFileType = sourcecode.swift; path = AppDelegate.swift; sourceTree = "<group>"; };
		2EDADB932838A4BF00D34441 /* SceneDelegate.swift */ = {isa = PBXFileReference; lastKnownFileType = sourcecode.swift; path = SceneDelegate.swift; sourceTree = "<group>"; };
		2EDADB952838A4BF00D34441 /* ViewController.swift */ = {isa = PBXFileReference; lastKnownFileType = sourcecode.swift; path = ViewController.swift; sourceTree = "<group>"; };
		2EDADB982838A4BF00D34441 /* Base */ = {isa = PBXFileReference; lastKnownFileType = file.storyboard; name = Base; path = Base.lproj/Main.storyboard; sourceTree = "<group>"; };
		2EDADB9A2838A4C200D34441 /* Assets.xcassets */ = {isa = PBXFileReference; lastKnownFileType = folder.assetcatalog; path = Assets.xcassets; sourceTree = "<group>"; };
		2EDADB9D2838A4C200D34441 /* Base */ = {isa = PBXFileReference; lastKnownFileType = file.storyboard; name = Base; path = Base.lproj/LaunchScreen.storyboard; sourceTree = "<group>"; };
		2EDADB9F2838A4C200D34441 /* Info.plist */ = {isa = PBXFileReference; lastKnownFileType = text.plist.xml; path = Info.plist; sourceTree = "<group>"; };
		2EDADBA52838CDFD00D34441 /* FPTest.swift */ = {isa = PBXFileReference; lastKnownFileType = sourcecode.swift; path = FPTest.swift; sourceTree = "<group>"; };
		2EDADBA72838FABF00D34441 /* RxSwiftTest.swift */ = {isa = PBXFileReference; lastKnownFileType = sourcecode.swift; path = RxSwiftTest.swift; sourceTree = "<group>"; };
		2EDADBA92838FAF100D34441 /* POPTest.swift */ = {isa = PBXFileReference; lastKnownFileType = sourcecode.swift; path = POPTest.swift; sourceTree = "<group>"; };
/* End PBXFileReference section */

/* Begin PBXFrameworksBuildPhase section */
		2EDADB8B2838A4BF00D34441 /* Frameworks */ = {
			isa = PBXFrameworksBuildPhase;
			buildActionMask = 2147483647;
			files = (
			);
			runOnlyForDeploymentPostprocessing = 0;
		};
/* End PBXFrameworksBuildPhase section */

/* Begin PBXGroup section */
		2EDADB852838A4BE00D34441 = {
			isa = PBXGroup;
			children = (
				2EDADB902838A4BF00D34441 /* 编程范式 */,
				2EDADB8F2838A4BF00D34441 /* Products */,
			);
			sourceTree = "<group>";
		};
		2EDADB8F2838A4BF00D34441 /* Products */ = {
			isa = PBXGroup;
			children = (
				2EDADB8E2838A4BF00D34441 /* 编程范式.app */,
			);
			name = Products;
			sourceTree = "<group>";
		};
		2EDADB902838A4BF00D34441 /* 编程范式 */ = {
			isa = PBXGroup;
			children = (
				2EDADB912838A4BF00D34441 /* AppDelegate.swift */,
				2EDADB932838A4BF00D34441 /* SceneDelegate.swift */,
				2EDADB952838A4BF00D34441 /* ViewController.swift */,
				2EDADBA52838CDFD00D34441 /* FPTest.swift */,
				2EDADBA72838FABF00D34441 /* RxSwiftTest.swift */,
				2EDADBA92838FAF100D34441 /* POPTest.swift */,
				2EDADB972838A4BF00D34441 /* Main.storyboard */,
				2EDADB9A2838A4C200D34441 /* Assets.xcassets */,
				2EDADB9C2838A4C200D34441 /* LaunchScreen.storyboard */,
				2EDADB9F2838A4C200D34441 /* Info.plist */,
			);
			path = "编程范式";
			sourceTree = "<group>";
		};
/* End PBXGroup section */

/* Begin PBXNativeTarget section */
		2EDADB8D2838A4BF00D34441 /* 编程范式 */ = {
			isa = PBXNativeTarget;
			buildConfigurationList = 2EDADBA22838A4C200D34441 /* Build configuration list for PBXNativeTarget "编程范式" */;
			buildPhases = (
				2EDADB8A2838A4BF00D34441 /* Sources */,
				2EDADB8B2838A4BF00D34441 /* Frameworks */,
				2EDADB8C2838A4BF00D34441 /* Resources */,
			);
			buildRules = (
			);
			dependencies = (
			);
			name = "编程范式";
			productName = "编程范式";
			productReference = 2EDADB8E2838A4BF00D34441 /* 编程范式.app */;
			productType = "com.apple.product-type.application";
		};
/* End PBXNativeTarget section */

/* Begin PBXProject section */
		2EDADB862838A4BE00D34441 /* Project object */ = {
			isa = PBXProject;
			attributes = {
				BuildIndependentTargetsInParallel = 1;
				LastSwiftUpdateCheck = 1330;
				LastUpgradeCheck = 1330;
				TargetAttributes = {
					2EDADB8D2838A4BF00D34441 = {
						CreatedOnToolsVersion = 13.3;
					};
				};
			};
			buildConfigurationList = 2EDADB892838A4BE00D34441 /* Build configuration list for PBXProject "编程范式" */;
			compatibilityVersion = "Xcode 13.0";
			developmentRegion = en;
			hasScannedForEncodings = 0;
			knownRegions = (
				en,
				Base,
			);
			mainGroup = 2EDADB852838A4BE00D34441;
			productRefGroup = 2EDADB8F2838A4BF00D34441 /* Products */;
			projectDirPath = "";
			projectRoot = "";
			targets = (
				2EDADB8D2838A4BF00D34441 /* 编程范式 */,
			);
		};
/* End PBXProject section */

/* Begin PBXResourcesBuildPhase section */
		2EDADB8C2838A4BF00D34441 /* Resources */ = {
			isa = PBXResourcesBuildPhase;
			buildActionMask = 2147483647;
			files = (
				2EDADB9E2838A4C200D34441 /* LaunchScreen.storyboard in Resources */,
				2EDADB9B2838A4C200D34441 /* Assets.xcassets in Resources */,
				2EDADB992838A4BF00D34441 /* Main.storyboard in Resources */,
			);
			runOnlyForDeploymentPostprocessing = 0;
		};
/* End PBXResourcesBuildPhase section */

/* Begin PBXSourcesBuildPhase section */
		2EDADB8A2838A4BF00D34441 /* Sources */ = {
			isa = PBXSourcesBuildPhase;
			buildActionMask = 2147483647;
			files = (
				2EDADB962838A4BF00D34441 /* ViewController.swift in Sources */,
				2EDADBAA2838FAF100D34441 /* POPTest.swift in Sources */,
				2EDADBA62838CDFE00D34441 /* FPTest.swift in Sources */,
				2EDADBA82838FAC000D34441 /* RxSwiftTest.swift in Sources */,
				2EDADB922838A4BF00D34441 /* AppDelegate.swift in Sources */,
				2EDADB942838A4BF00D34441 /* SceneDelegate.swift in Sources */,
			);
			runOnlyForDeploymentPostprocessing = 0;
		};
/* End PBXSourcesBuildPhase section */

/* Begin PBXVariantGroup section */
		2EDADB972838A4BF00D34441 /* Main.storyboard */ = {
			isa = PBXVariantGroup;
			children = (
				2EDADB982838A4BF00D34441 /* Base */,
			);
			name = Main.storyboard;
			sourceTree = "<group>";
		};
		2EDADB9C2838A4C200D34441 /* LaunchScreen.storyboard */ = {
			isa = PBXVariantGroup;
			children = (
				2EDADB9D2838A4C200D34441 /* Base */,
			);
			name = LaunchScreen.storyboard;
			sourceTree = "<group>";
		};
/* End PBXVariantGroup section */

/* Begin XCBuildConfiguration section */
		2EDADBA02838A4C200D34441 /* Debug */ = {
			isa = XCBuildConfiguration;
			buildSettings = {
				ALWAYS_SEARCH_USER_PATHS = NO;
				CLANG_ANALYZER_NONNULL = YES;
				CLANG_ANALYZER_NUMBER_OBJECT_CONVERSION = YES_AGGRESSIVE;
				CLANG_CXX_LANGUAGE_STANDARD = "gnu++17";
				CLANG_ENABLE_MODULES = YES;
				CLANG_ENABLE_OBJC_ARC = YES;
				CLANG_ENABLE_OBJC_WEAK = YES;
				CLANG_WARN_BLOCK_CAPTURE_AUTORELEASING = YES;
				CLANG_WARN_BOOL_CONVERSION = YES;
				CLANG_WARN_COMMA = YES;
				CLANG_WARN_CONSTANT_CONVERSION = YES;
				CLANG_WARN_DEPRECATED_OBJC_IMPLEMENTATIONS = YES;
				CLANG_WARN_DIRECT_OBJC_ISA_USAGE = YES_ERROR;
				CLANG_WARN_DOCUMENTATION_COMMENTS = YES;
				CLANG_WARN_EMPTY_BODY = YES;
				CLANG_WARN_ENUM_CONVERSION = YES;
				CLANG_WARN_INFINITE_RECURSION = YES;
				CLANG_WARN_INT_CONVERSION = YES;
				CLANG_WARN_NON_LITERAL_NULL_CONVERSION = YES;
				CLANG_WARN_OBJC_IMPLICIT_RETAIN_SELF = YES;
				CLANG_WARN_OBJC_LITERAL_CONVERSION = YES;
				CLANG_WARN_OBJC_ROOT_CLASS = YES_ERROR;
				CLANG_WARN_QUOTED_INCLUDE_IN_FRAMEWORK_HEADER = YES;
				CLANG_WARN_RANGE_LOOP_ANALYSIS = YES;
				CLANG_WARN_STRICT_PROTOTYPES = YES;
				CLANG_WARN_SUSPICIOUS_MOVE = YES;
				CLANG_WARN_UNGUARDED_AVAILABILITY = YES_AGGRESSIVE;
				CLANG_WARN_UNREACHABLE_CODE = YES;
				CLANG_WARN__DUPLICATE_METHOD_MATCH = YES;
				COPY_PHASE_STRIP = NO;
				DEBUG_INFORMATION_FORMAT = dwarf;
				ENABLE_STRICT_OBJC_MSGSEND = YES;
				ENABLE_TESTABILITY = YES;
				GCC_C_LANGUAGE_STANDARD = gnu11;
				GCC_DYNAMIC_NO_PIC = NO;
				GCC_NO_COMMON_BLOCKS = YES;
				GCC_OPTIMIZATION_LEVEL = 0;
				GCC_PREPROCESSOR_DEFINITIONS = (
					"DEBUG=1",
					"$(inherited)",
				);
				GCC_WARN_64_TO_32_BIT_CONVERSION = YES;
				GCC_WARN_ABOUT_RETURN_TYPE = YES_ERROR;
				GCC_WARN_UNDECLARED_SELECTOR = YES;
				GCC_WARN_UNINITIALIZED_AUTOS = YES_AGGRESSIVE;
				GCC_WARN_UNUSED_FUNCTION = YES;
				GCC_WARN_UNUSED_VARIABLE = YES;
				IPHONEOS_DEPLOYMENT_TARGET = 15.4;
				MTL_ENABLE_DEBUG_INFO = INCLUDE_SOURCE;
				MTL_FAST_MATH = YES;
				ONLY_ACTIVE_ARCH = YES;
				SDKROOT = iphoneos;
				SWIFT_ACTIVE_COMPILATION_CONDITIONS = DEBUG;
				SWIFT_OPTIMIZATION_LEVEL = "-Onone";
			};
			name = Debug;
		};
		2EDADBA12838A4C200D34441 /* Release */ = {
			isa = XCBuildConfiguration;
			buildSettings = {
				ALWAYS_SEARCH_USER_PATHS = NO;
				CLANG_ANALYZER_NONNULL = YES;
				CLANG_ANALYZER_NUMBER_OBJECT_CONVERSION = YES_AGGRESSIVE;
				CLANG_CXX_LANGUAGE_STANDARD = "gnu++17";
				CLANG_ENABLE_MODULES = YES;
				CLANG_ENABLE_OBJC_ARC = YES;
				CLANG_ENABLE_OBJC_WEAK = YES;
				CLANG_WARN_BLOCK_CAPTURE_AUTORELEASING = YES;
				CLANG_WARN_BOOL_CONVERSION = YES;
				CLANG_WARN_COMMA = YES;
				CLANG_WARN_CONSTANT_CONVERSION = YES;
				CLANG_WARN_DEPRECATED_OBJC_IMPLEMENTATIONS = YES;
				CLANG_WARN_DIRECT_OBJC_ISA_USAGE = YES_ERROR;
				CLANG_WARN_DOCUMENTATION_COMMENTS = YES;
				CLANG_WARN_EMPTY_BODY = YES;
				CLANG_WARN_ENUM_CONVERSION = YES;
				CLANG_WARN_INFINITE_RECURSION = YES;
				CLANG_WARN_INT_CONVERSION = YES;
				CLANG_WARN_NON_LITERAL_NULL_CONVERSION = YES;
				CLANG_WARN_OBJC_IMPLICIT_RETAIN_SELF = YES;
				CLANG_WARN_OBJC_LITERAL_CONVERSION = YES;
				CLANG_WARN_OBJC_ROOT_CLASS = YES_ERROR;
				CLANG_WARN_QUOTED_INCLUDE_IN_FRAMEWORK_HEADER = YES;
				CLANG_WARN_RANGE_LOOP_ANALYSIS = YES;
				CLANG_WARN_STRICT_PROTOTYPES = YES;
				CLANG_WARN_SUSPICIOUS_MOVE = YES;
				CLANG_WARN_UNGUARDED_AVAILABILITY = YES_AGGRESSIVE;
				CLANG_WARN_UNREACHABLE_CODE = YES;
				CLANG_WARN__DUPLICATE_METHOD_MATCH = YES;
				COPY_PHASE_STRIP = NO;
				DEBUG_INFORMATION_FORMAT = "dwarf-with-dsym";
				ENABLE_NS_ASSERTIONS = NO;
				ENABLE_STRICT_OBJC_MSGSEND = YES;
				GCC_C_LANGUAGE_STANDARD = gnu11;
				GCC_NO_COMMON_BLOCKS = YES;
				GCC_WARN_64_TO_32_BIT_CONVERSION = YES;
				GCC_WARN_ABOUT_RETURN_TYPE = YES_ERROR;
				GCC_WARN_UNDECLARED_SELECTOR = YES;
				GCC_WARN_UNINITIALIZED_AUTOS = YES_AGGRESSIVE;
				GCC_WARN_UNUSED_FUNCTION = YES;
				GCC_WARN_UNUSED_VARIABLE = YES;
				IPHONEOS_DEPLOYMENT_TARGET = 15.4;
				MTL_ENABLE_DEBUG_INFO = NO;
				MTL_FAST_MATH = YES;
				SDKROOT = iphoneos;
				SWIFT_COMPILATION_MODE = wholemodule;
				SWIFT_OPTIMIZATION_LEVEL = "-O";
				VALIDATE_PRODUCT = YES;
			};
			name = Release;
		};
		2EDADBA32838A4C200D34441 /* Debug */ = {
			isa = XCBuildConfiguration;
			buildSettings = {
				ASSETCATALOG_COMPILER_APPICON_NAME = AppIcon;
				ASSETCATALOG_COMPILER_GLOBAL_ACCENT_COLOR_NAME = AccentColor;
				CODE_SIGN_STYLE = Automatic;
				CURRENT_PROJECT_VERSION = 1;
				GENERATE_INFOPLIST_FILE = YES;
				INFOPLIST_FILE = "编程范式/Info.plist";
				INFOPLIST_KEY_UIApplicationSupportsIndirectInputEvents = YES;
				INFOPLIST_KEY_UILaunchStoryboardName = LaunchScreen;
				INFOPLIST_KEY_UIMainStoryboardFile = Main;
				INFOPLIST_KEY_UISupportedInterfaceOrientations_iPad = "UIInterfaceOrientationPortrait UIInterfaceOrientationPortraitUpsideDown UIInterfaceOrientationLandscapeLeft UIInterfaceOrientationLandscapeRight";
				INFOPLIST_KEY_UISupportedInterfaceOrientations_iPhone = "UIInterfaceOrientationPortrait UIInterfaceOrientationLandscapeLeft UIInterfaceOrientationLandscapeRight";
				LD_RUNPATH_SEARCH_PATHS = (
					"$(inherited)",
					"@executable_path/Frameworks",
				);
				MARKETING_VERSION = 1.0;
				PRODUCT_BUNDLE_IDENTIFIER = "com.ww.----";
				PRODUCT_NAME = "$(TARGET_NAME)";
				SWIFT_EMIT_LOC_STRINGS = YES;
				SWIFT_VERSION = 5.0;
				TARGETED_DEVICE_FAMILY = "1,2";
			};
			name = Debug;
		};
		2EDADBA42838A4C200D34441 /* Release */ = {
			isa = XCBuildConfiguration;
			buildSettings = {
				ASSETCATALOG_COMPILER_APPICON_NAME = AppIcon;
				ASSETCATALOG_COMPILER_GLOBAL_ACCENT_COLOR_NAME = AccentColor;
				CODE_SIGN_STYLE = Automatic;
				CURRENT_PROJECT_VERSION = 1;
				GENERATE_INFOPLIST_FILE = YES;
				INFOPLIST_FILE = "编程范式/Info.plist";
				INFOPLIST_KEY_UIApplicationSupportsIndirectInputEvents = YES;
				INFOPLIST_KEY_UILaunchStoryboardName = LaunchScreen;
				INFOPLIST_KEY_UIMainStoryboardFile = Main;
				INFOPLIST_KEY_UISupportedInterfaceOrientations_iPad = "UIInterfaceOrientationPortrait UIInterfaceOrientationPortraitUpsideDown UIInterfaceOrientationLandscapeLeft UIInterfaceOrientationLandscapeRight";
				INFOPLIST_KEY_UISupportedInterfaceOrientations_iPhone = "UIInterfaceOrientationPortrait UIInterfaceOrientationLandscapeLeft UIInterfaceOrientationLandscapeRight";
				LD_RUNPATH_SEARCH_PATHS = (
					"$(inherited)",
					"@executable_path/Frameworks",
				);
				MARKETING_VERSION = 1.0;
				PRODUCT_BUNDLE_IDENTIFIER = "com.ww.----";
				PRODUCT_NAME = "$(TARGET_NAME)";
				SWIFT_EMIT_LOC_STRINGS = YES;
				SWIFT_VERSION = 5.0;
				TARGETED_DEVICE_FAMILY = "1,2";
			};
			name = Release;
		};
/* End XCBuildConfiguration section */

/* Begin XCConfigurationList section */
		2EDADB892838A4BE00D34441 /* Build configuration list for PBXProject "编程范式" */ = {
			isa = XCConfigurationList;
			buildConfigurations = (
				2EDADBA02838A4C200D34441 /* Debug */,
				2EDADBA12838A4C200D34441 /* Release */,
			);
			defaultConfigurationIsVisible = 0;
			defaultConfigurationName = Release;
		};
		2EDADBA22838A4C200D34441 /* Build configuration list for PBXNativeTarget "编程范式" */ = {
			isa = XCConfigurationList;
			buildConfigurations = (
				2EDADBA32838A4C200D34441 /* Debug */,
				2EDADBA42838A4C200D34441 /* Release */,
			);
			defaultConfigurationIsVisible = 0;
			defaultConfigurationName = Release;
		};
/* End XCConfigurationList section */
	};
	rootObject = 2EDADB862838A4BE00D34441 /* Project object */;
}
